
Microsoft Visual Studio Solution File, Format Version 12.00
# Visual Studio 15
VisualStudioVersion = 15.0.28010.2050
MinimumVisualStudioVersion = 10.0.40219.1
Project("{FAE04EC0-301F-11D3-BF4B-00C04F79EFBC}") = "CodeItProgram", "CodeItProgram\CodeItProgram.csproj", "{539CFEC9-2CFD-4C6E-8E06-82F9B6615F70}"
EndProject
Project("{FAE04EC0-301F-11D3-BF4B-00C04F79EFBC}") = "CodeIt.Business", "CodeIt.Business\CodeIt.Business.csproj", "{551401B1-D49C-4BC6-93DA-078BFCABE5C7}"
EndProject
Global
	GlobalSection(SolutionConfigurationPlatforms) = preSolution
		Debug|Any CPU = Debug|Any CPU
		Release|Any CPU = Release|Any CPU
	EndGlobalSection
	GlobalSection(ProjectConfigurationPlatforms) = postSolution
		{539CFEC9-2CFD-4C6E-8E06-82F9B6615F70}.Debug|Any CPU.ActiveCfg = Debug|Any CPU
		{539CFEC9-2CFD-4C6E-8E06-82F9B6615F70}.Debug|Any CPU.Build.0 = Debug|Any CPU
		{539CFEC9-2CFD-4C6E-8E06-82F9B6615F70}.Release|Any CPU.ActiveCfg = Release|Any CPU
		{539CFEC9-2CFD-4C6E-8E06-82F9B6615F70}.Release|Any CPU.Build.0 = Release|Any CPU
		{551401B1-D49C-4BC6-93DA-078BFCABE5C7}.Debug|Any CPU.ActiveCfg = Debug|Any CPU
		{551401B1-D49C-4BC6-93DA-078BFCABE5C7}.Debug|Any CPU.Build.0 = Debug|Any CPU
		{551401B1-D49C-4BC6-93DA-078BFCABE5C7}.Release|Any CPU.ActiveCfg = Release|Any CPU
		{551401B1-D49C-4BC6-93DA-078BFCABE5C7}.Release|Any CPU.Build.0 = Release|Any CPU
	EndGlobalSection
	GlobalSection(SolutionProperties) = preSolution
		HideSolutionNode = FALSE
	EndGlobalSection
	GlobalSection(ExtensibilityGlobals) = postSolution
		SolutionGuid = {D3B25068-F47B-4DC5-AB23-56D0133A85CB}
	EndGlobalSection
EndGlobal
